
Microsoft Visual Studio Solution File, Format Version 12.00
# Visual Studio Version 17
VisualStudioVersion = 17.0.31912.275
MinimumVisualStudioVersion = 10.0.40219.1
Project("{9A19103F-16F7-4668-BE54-9A1E7A4F7556}") = "AcademyFWeek5.DemoDay1", "AcademyFWeek5.DemoDay1\AcademyFWeek5.DemoDay1.csproj", "{621CBD22-5E77-4407-B085-0F25F93BE913}"
EndProject
Project("{9A19103F-16F7-4668-BE54-9A1E7A4F7556}") = "Palestra", "Palestra\Palestra.csproj", "{5FBF5BB2-DCB3-4BAF-8154-93C9BAA319FE}"
EndProject
Project("{9A19103F-16F7-4668-BE54-9A1E7A4F7556}") = "AcademyFWeek5.DemoDay2", "AcademyFWeek5.DemoDay2\AcademyFWeek5.DemoDay2.csproj", "{59C3D757-3320-4C15-8DAD-9BA31DEDE21D}"
EndProject
Project("{FAE04EC0-301F-11D3-BF4B-00C04F79EFBC}") = "Palestra-OOP", "Palestra-OOP\Palestra-OOP.csproj", "{4AA62C11-9981-4B2B-B3FB-4FCB84CC725F}"
EndProject
Project("{FAE04EC0-301F-11D3-BF4B-00C04F79EFBC}") = "AcademyFWeek5.DemoDay3", "AcademyFWeek5.DemoDay3\AcademyFWeek5.DemoDay3.csproj", "{3D8DF8E1-0A5D-4DA7-97AA-B2B273A66C92}"
EndProject
Global
	GlobalSection(SolutionConfigurationPlatforms) = preSolution
		Debug|Any CPU = Debug|Any CPU
		Release|Any CPU = Release|Any CPU
	EndGlobalSection
	GlobalSection(ProjectConfigurationPlatforms) = postSolution
		{621CBD22-5E77-4407-B085-0F25F93BE913}.Debug|Any CPU.ActiveCfg = Debug|Any CPU
		{621CBD22-5E77-4407-B085-0F25F93BE913}.Debug|Any CPU.Build.0 = Debug|Any CPU
		{621CBD22-5E77-4407-B085-0F25F93BE913}.Release|Any CPU.ActiveCfg = Release|Any CPU
		{621CBD22-5E77-4407-B085-0F25F93BE913}.Release|Any CPU.Build.0 = Release|Any CPU
		{5FBF5BB2-DCB3-4BAF-8154-93C9BAA319FE}.Debug|Any CPU.ActiveCfg = Debug|Any CPU
		{5FBF5BB2-DCB3-4BAF-8154-93C9BAA319FE}.Debug|Any CPU.Build.0 = Debug|Any CPU
		{5FBF5BB2-DCB3-4BAF-8154-93C9BAA319FE}.Release|Any CPU.ActiveCfg = Release|Any CPU
		{5FBF5BB2-DCB3-4BAF-8154-93C9BAA319FE}.Release|Any CPU.Build.0 = Release|Any CPU
		{59C3D757-3320-4C15-8DAD-9BA31DEDE21D}.Debug|Any CPU.ActiveCfg = Debug|Any CPU
		{59C3D757-3320-4C15-8DAD-9BA31DEDE21D}.Debug|Any CPU.Build.0 = Debug|Any CPU
		{59C3D757-3320-4C15-8DAD-9BA31DEDE21D}.Release|Any CPU.ActiveCfg = Release|Any CPU
		{59C3D757-3320-4C15-8DAD-9BA31DEDE21D}.Release|Any CPU.Build.0 = Release|Any CPU
		{4AA62C11-9981-4B2B-B3FB-4FCB84CC725F}.Debug|Any CPU.ActiveCfg = Debug|Any CPU
		{4AA62C11-9981-4B2B-B3FB-4FCB84CC725F}.Debug|Any CPU.Build.0 = Debug|Any CPU
		{4AA62C11-9981-4B2B-B3FB-4FCB84CC725F}.Release|Any CPU.ActiveCfg = Release|Any CPU
		{4AA62C11-9981-4B2B-B3FB-4FCB84CC725F}.Release|Any CPU.Build.0 = Release|Any CPU
		{3D8DF8E1-0A5D-4DA7-97AA-B2B273A66C92}.Debug|Any CPU.ActiveCfg = Debug|Any CPU
		{3D8DF8E1-0A5D-4DA7-97AA-B2B273A66C92}.Debug|Any CPU.Build.0 = Debug|Any CPU
		{3D8DF8E1-0A5D-4DA7-97AA-B2B273A66C92}.Release|Any CPU.ActiveCfg = Release|Any CPU
		{3D8DF8E1-0A5D-4DA7-97AA-B2B273A66C92}.Release|Any CPU.Build.0 = Release|Any CPU
	EndGlobalSection
	GlobalSection(SolutionProperties) = preSolution
		HideSolutionNode = FALSE
	EndGlobalSection
	GlobalSection(ExtensibilityGlobals) = postSolution
		SolutionGuid = {8803B405-0EB7-4057-881E-70FF5A501E16}
	EndGlobalSection
EndGlobal
